// !$*UTF8*$!
{
	archiveVersion = 1;
	classes = {
	};
	objectVersion = 46;
	objects = {

/* Begin PBXBuildFile section */
		F648E8501B30A053007ADB73 /* SiteInfoViewController.m in Sources */ = {isa = PBXBuildFile; fileRef = F648E84F1B30A053007ADB73 /* SiteInfoViewController.m */; };
		F648E8531B30A062007ADB73 /* TreeInfoViewController.m in Sources */ = {isa = PBXBuildFile; fileRef = F648E8521B30A062007ADB73 /* TreeInfoViewController.m */; };
		F648E8561B30A072007ADB73 /* TreeLOD1ViewController.m in Sources */ = {isa = PBXBuildFile; fileRef = F648E8551B30A072007ADB73 /* TreeLOD1ViewController.m */; };
		F648E8591B30A07D007ADB73 /* TreeManagementViewController.m in Sources */ = {isa = PBXBuildFile; fileRef = F648E8581B30A07D007ADB73 /* TreeManagementViewController.m */; };
		F648E85C1B30A08B007ADB73 /* TreeReviewViewController.m in Sources */ = {isa = PBXBuildFile; fileRef = F648E85B1B30A08B007ADB73 /* TreeReviewViewController.m */; };
		F648E85F1B30A096007ADB73 /* SiteReviewViewController.m in Sources */ = {isa = PBXBuildFile; fileRef = F648E85E1B30A096007ADB73 /* SiteReviewViewController.m */; };
		F648E8621B30A09F007ADB73 /* WelcomeViewController.m in Sources */ = {isa = PBXBuildFile; fileRef = F648E8611B30A09F007ADB73 /* WelcomeViewController.m */; };
		F648E8651B30A0BD007ADB73 /* DataTableViewController.m in Sources */ = {isa = PBXBuildFile; fileRef = F648E8641B30A0BD007ADB73 /* DataTableViewController.m */; };
		F648E8681B30A165007ADB73 /* SiteReportCell.m in Sources */ = {isa = PBXBuildFile; fileRef = F648E8671B30A165007ADB73 /* SiteReportCell.m */; };
		F648E86E1B30A258007ADB73 /* Tree.m in Sources */ = {isa = PBXBuildFile; fileRef = F648E86D1B30A258007ADB73 /* Tree.m */; };
		F648E8711B30A40D007ADB73 /* Site.m in Sources */ = {isa = PBXBuildFile; fileRef = F648E8701B30A40D007ADB73 /* Site.m */; };
		F648E8741B30C5E2007ADB73 /* TreeLOD23ViewController.m in Sources */ = {isa = PBXBuildFile; fileRef = F648E8731B30C5E2007ADB73 /* TreeLOD23ViewController.m */; };
		F648E8771B30C5EF007ADB73 /* TreeLOD4ViewController.m in Sources */ = {isa = PBXBuildFile; fileRef = F648E8761B30C5EF007ADB73 /* TreeLOD4ViewController.m */; };
		F648E8811B3214C7007ADB73 /* TreeClassTableViewController.m in Sources */ = {isa = PBXBuildFile; fileRef = F648E8801B3214C7007ADB73 /* TreeClassTableViewController.m */; };
		F648E8871B321665007ADB73 /* FuelTableViewController.m in Sources */ = {isa = PBXBuildFile; fileRef = F648E8861B321665007ADB73 /* FuelTableViewController.m */; };
		F678F62F1B2F671E00A8EAA5 /* Review.storyboard in Resources */ = {isa = PBXBuildFile; fileRef = F678F62E1B2F671E00A8EAA5 /* Review.storyboard */; };
		F678F6311B2F678C00A8EAA5 /* Assessment.storyboard in Resources */ = {isa = PBXBuildFile; fileRef = F678F6301B2F678C00A8EAA5 /* Assessment.storyboard */; };
		F678F6331B2F684A00A8EAA5 /* Realm.framework in Frameworks */ = {isa = PBXBuildFile; fileRef = F678F6321B2F684A00A8EAA5 /* Realm.framework */; };
		F678F6351B2F689A00A8EAA5 /* libc++.dylib in Frameworks */ = {isa = PBXBuildFile; fileRef = F678F6341B2F689A00A8EAA5 /* libc++.dylib */; };
		F6B722821B2FBC32002FF6DF /* Paperwork.jpg in Resources */ = {isa = PBXBuildFile; fileRef = F6B722801B2FBC32002FF6DF /* Paperwork.jpg */; };
		F6B722831B2FBC32002FF6DF /* Storyboard.jpg in Resources */ = {isa = PBXBuildFile; fileRef = F6B722811B2FBC32002FF6DF /* Storyboard.jpg */; };
		F6B9129D1B2F602A00245ED5 /* main.m in Sources */ = {isa = PBXBuildFile; fileRef = F6B9129C1B2F602A00245ED5 /* main.m */; };
		F6B912A01B2F602A00245ED5 /* AppDelegate.m in Sources */ = {isa = PBXBuildFile; fileRef = F6B9129F1B2F602A00245ED5 /* AppDelegate.m */; };
		F6B912A91B2F602A00245ED5 /* WelcomeData.storyboard in Resources */ = {isa = PBXBuildFile; fileRef = F6B912A71B2F602A00245ED5 /* WelcomeData.storyboard */; };
		F6B912AB1B2F602A00245ED5 /* Images.xcassets in Resources */ = {isa = PBXBuildFile; fileRef = F6B912AA1B2F602A00245ED5 /* Images.xcassets */; };
		F6B912AE1B2F602A00245ED5 /* LaunchScreen.xib in Resources */ = {isa = PBXBuildFile; fileRef = F6B912AC1B2F602A00245ED5 /* LaunchScreen.xib */; };
		F6B912BA1B2F602A00245ED5 /* DangerTreeAssessmentTests.m in Sources */ = {isa = PBXBuildFile; fileRef = F6B912B91B2F602A00245ED5 /* DangerTreeAssessmentTests.m */; };
/* End PBXBuildFile section */

/* Begin PBXContainerItemProxy section */
		F6B912B41B2F602A00245ED5 /* PBXContainerItemProxy */ = {
			isa = PBXContainerItemProxy;
			containerPortal = F6B9128F1B2F602A00245ED5 /* Project object */;
			proxyType = 1;
			remoteGlobalIDString = F6B912961B2F602A00245ED5;
			remoteInfo = DangerTreeAssessment;
		};
/* End PBXContainerItemProxy section */

/* Begin PBXFileReference section */
		F648E84E1B30A053007ADB73 /* SiteInfoViewController.h */ = {isa = PBXFileReference; fileEncoding = 4; lastKnownFileType = sourcecode.c.h; path = SiteInfoViewController.h; sourceTree = "<group>"; };
		F648E84F1B30A053007ADB73 /* SiteInfoViewController.m */ = {isa = PBXFileReference; fileEncoding = 4; lastKnownFileType = sourcecode.c.objc; path = SiteInfoViewController.m; sourceTree = "<group>"; };
		F648E8511B30A062007ADB73 /* TreeInfoViewController.h */ = {isa = PBXFileReference; fileEncoding = 4; lastKnownFileType = sourcecode.c.h; path = TreeInfoViewController.h; sourceTree = "<group>"; };
		F648E8521B30A062007ADB73 /* TreeInfoViewController.m */ = {isa = PBXFileReference; fileEncoding = 4; lastKnownFileType = sourcecode.c.objc; path = TreeInfoViewController.m; sourceTree = "<group>"; };
		F648E8541B30A072007ADB73 /* TreeLOD1ViewController.h */ = {isa = PBXFileReference; fileEncoding = 4; lastKnownFileType = sourcecode.c.h; path = TreeLOD1ViewController.h; sourceTree = "<group>"; };
		F648E8551B30A072007ADB73 /* TreeLOD1ViewController.m */ = {isa = PBXFileReference; fileEncoding = 4; lastKnownFileType = sourcecode.c.objc; path = TreeLOD1ViewController.m; sourceTree = "<group>"; };
		F648E8571B30A07D007ADB73 /* TreeManagementViewController.h */ = {isa = PBXFileReference; fileEncoding = 4; lastKnownFileType = sourcecode.c.h; path = TreeManagementViewController.h; sourceTree = "<group>"; };
		F648E8581B30A07D007ADB73 /* TreeManagementViewController.m */ = {isa = PBXFileReference; fileEncoding = 4; lastKnownFileType = sourcecode.c.objc; path = TreeManagementViewController.m; sourceTree = "<group>"; };
		F648E85A1B30A08B007ADB73 /* TreeReviewViewController.h */ = {isa = PBXFileReference; fileEncoding = 4; lastKnownFileType = sourcecode.c.h; path = TreeReviewViewController.h; sourceTree = "<group>"; };
		F648E85B1B30A08B007ADB73 /* TreeReviewViewController.m */ = {isa = PBXFileReference; fileEncoding = 4; lastKnownFileType = sourcecode.c.objc; path = TreeReviewViewController.m; sourceTree = "<group>"; };
		F648E85D1B30A096007ADB73 /* SiteReviewViewController.h */ = {isa = PBXFileReference; fileEncoding = 4; lastKnownFileType = sourcecode.c.h; path = SiteReviewViewController.h; sourceTree = "<group>"; };
		F648E85E1B30A096007ADB73 /* SiteReviewViewController.m */ = {isa = PBXFileReference; fileEncoding = 4; lastKnownFileType = sourcecode.c.objc; path = SiteReviewViewController.m; sourceTree = "<group>"; };
		F648E8601B30A09F007ADB73 /* WelcomeViewController.h */ = {isa = PBXFileReference; fileEncoding = 4; lastKnownFileType = sourcecode.c.h; path = WelcomeViewController.h; sourceTree = "<group>"; };
		F648E8611B30A09F007ADB73 /* WelcomeViewController.m */ = {isa = PBXFileReference; fileEncoding = 4; lastKnownFileType = sourcecode.c.objc; path = WelcomeViewController.m; sourceTree = "<group>"; };
		F648E8631B30A0BD007ADB73 /* DataTableViewController.h */ = {isa = PBXFileReference; fileEncoding = 4; lastKnownFileType = sourcecode.c.h; path = DataTableViewController.h; sourceTree = "<group>"; };
		F648E8641B30A0BD007ADB73 /* DataTableViewController.m */ = {isa = PBXFileReference; fileEncoding = 4; lastKnownFileType = sourcecode.c.objc; path = DataTableViewController.m; sourceTree = "<group>"; };
		F648E8661B30A165007ADB73 /* SiteReportCell.h */ = {isa = PBXFileReference; fileEncoding = 4; lastKnownFileType = sourcecode.c.h; path = SiteReportCell.h; sourceTree = "<group>"; };
		F648E8671B30A165007ADB73 /* SiteReportCell.m */ = {isa = PBXFileReference; fileEncoding = 4; lastKnownFileType = sourcecode.c.objc; path = SiteReportCell.m; sourceTree = "<group>"; };
		F648E86C1B30A258007ADB73 /* Tree.h */ = {isa = PBXFileReference; fileEncoding = 4; lastKnownFileType = sourcecode.c.h; path = Tree.h; sourceTree = "<group>"; };
		F648E86D1B30A258007ADB73 /* Tree.m */ = {isa = PBXFileReference; fileEncoding = 4; lastKnownFileType = sourcecode.c.objc; path = Tree.m; sourceTree = "<group>"; };
		F648E86F1B30A40D007ADB73 /* Site.h */ = {isa = PBXFileReference; fileEncoding = 4; lastKnownFileType = sourcecode.c.h; path = Site.h; sourceTree = "<group>"; };
		F648E8701B30A40D007ADB73 /* Site.m */ = {isa = PBXFileReference; fileEncoding = 4; lastKnownFileType = sourcecode.c.objc; path = Site.m; sourceTree = "<group>"; };
		F648E8721B30C5E2007ADB73 /* TreeLOD23ViewController.h */ = {isa = PBXFileReference; fileEncoding = 4; lastKnownFileType = sourcecode.c.h; path = TreeLOD23ViewController.h; sourceTree = "<group>"; };
		F648E8731B30C5E2007ADB73 /* TreeLOD23ViewController.m */ = {isa = PBXFileReference; fileEncoding = 4; lastKnownFileType = sourcecode.c.objc; path = TreeLOD23ViewController.m; sourceTree = "<group>"; };
		F648E8751B30C5EF007ADB73 /* TreeLOD4ViewController.h */ = {isa = PBXFileReference; fileEncoding = 4; lastKnownFileType = sourcecode.c.h; path = TreeLOD4ViewController.h; sourceTree = "<group>"; };
		F648E8761B30C5EF007ADB73 /* TreeLOD4ViewController.m */ = {isa = PBXFileReference; fileEncoding = 4; lastKnownFileType = sourcecode.c.objc; path = TreeLOD4ViewController.m; sourceTree = "<group>"; };
		F648E87F1B3214C7007ADB73 /* TreeClassTableViewController.h */ = {isa = PBXFileReference; fileEncoding = 4; lastKnownFileType = sourcecode.c.h; path = TreeClassTableViewController.h; sourceTree = "<group>"; };
		F648E8801B3214C7007ADB73 /* TreeClassTableViewController.m */ = {isa = PBXFileReference; fileEncoding = 4; lastKnownFileType = sourcecode.c.objc; path = TreeClassTableViewController.m; sourceTree = "<group>"; };
		F648E8851B321665007ADB73 /* FuelTableViewController.h */ = {isa = PBXFileReference; fileEncoding = 4; lastKnownFileType = sourcecode.c.h; path = FuelTableViewController.h; sourceTree = "<group>"; };
		F648E8861B321665007ADB73 /* FuelTableViewController.m */ = {isa = PBXFileReference; fileEncoding = 4; lastKnownFileType = sourcecode.c.objc; path = FuelTableViewController.m; sourceTree = "<group>"; };
		F678F62E1B2F671E00A8EAA5 /* Review.storyboard */ = {isa = PBXFileReference; fileEncoding = 4; lastKnownFileType = file.storyboard; path = Review.storyboard; sourceTree = "<group>"; };
		F678F6301B2F678C00A8EAA5 /* Assessment.storyboard */ = {isa = PBXFileReference; fileEncoding = 4; lastKnownFileType = file.storyboard; path = Assessment.storyboard; sourceTree = "<group>"; };
		F678F6321B2F684A00A8EAA5 /* Realm.framework */ = {isa = PBXFileReference; lastKnownFileType = wrapper.framework; path = Realm.framework; sourceTree = "<group>"; };
		F678F6341B2F689A00A8EAA5 /* libc++.dylib */ = {isa = PBXFileReference; lastKnownFileType = "compiled.mach-o.dylib"; name = "libc++.dylib"; path = "usr/lib/libc++.dylib"; sourceTree = SDKROOT; };
		F6B722801B2FBC32002FF6DF /* Paperwork.jpg */ = {isa = PBXFileReference; lastKnownFileType = image.jpeg; path = Paperwork.jpg; sourceTree = "<group>"; };
		F6B722811B2FBC32002FF6DF /* Storyboard.jpg */ = {isa = PBXFileReference; lastKnownFileType = image.jpeg; path = Storyboard.jpg; sourceTree = "<group>"; };
		F6B912971B2F602A00245ED5 /* DangerTreeAssessment.app */ = {isa = PBXFileReference; explicitFileType = wrapper.application; includeInIndex = 0; path = DangerTreeAssessment.app; sourceTree = BUILT_PRODUCTS_DIR; };
		F6B9129B1B2F602A00245ED5 /* Info.plist */ = {isa = PBXFileReference; lastKnownFileType = text.plist.xml; path = Info.plist; sourceTree = "<group>"; };
		F6B9129C1B2F602A00245ED5 /* main.m */ = {isa = PBXFileReference; lastKnownFileType = sourcecode.c.objc; path = main.m; sourceTree = "<group>"; };
		F6B9129E1B2F602A00245ED5 /* AppDelegate.h */ = {isa = PBXFileReference; lastKnownFileType = sourcecode.c.h; path = AppDelegate.h; sourceTree = "<group>"; };
		F6B9129F1B2F602A00245ED5 /* AppDelegate.m */ = {isa = PBXFileReference; lastKnownFileType = sourcecode.c.objc; path = AppDelegate.m; sourceTree = "<group>"; };
		F6B912A81B2F602A00245ED5 /* Base */ = {isa = PBXFileReference; lastKnownFileType = file.storyboard; name = Base; path = Base.lproj/WelcomeData.storyboard; sourceTree = "<group>"; };
		F6B912AA1B2F602A00245ED5 /* Images.xcassets */ = {isa = PBXFileReference; lastKnownFileType = folder.assetcatalog; path = Images.xcassets; sourceTree = "<group>"; };
		F6B912AD1B2F602A00245ED5 /* Base */ = {isa = PBXFileReference; lastKnownFileType = file.xib; name = Base; path = Base.lproj/LaunchScreen.xib; sourceTree = "<group>"; };
		F6B912B31B2F602A00245ED5 /* DangerTreeAssessmentTests.xctest */ = {isa = PBXFileReference; explicitFileType = wrapper.cfbundle; includeInIndex = 0; path = DangerTreeAssessmentTests.xctest; sourceTree = BUILT_PRODUCTS_DIR; };
		F6B912B81B2F602A00245ED5 /* Info.plist */ = {isa = PBXFileReference; lastKnownFileType = text.plist.xml; path = Info.plist; sourceTree = "<group>"; };
		F6B912B91B2F602A00245ED5 /* DangerTreeAssessmentTests.m */ = {isa = PBXFileReference; lastKnownFileType = sourcecode.c.objc; path = DangerTreeAssessmentTests.m; sourceTree = "<group>"; };
/* End PBXFileReference section */

/* Begin PBXFrameworksBuildPhase section */
		F6B912941B2F602A00245ED5 /* Frameworks */ = {
			isa = PBXFrameworksBuildPhase;
			buildActionMask = 2147483647;
			files = (
				F678F6351B2F689A00A8EAA5 /* libc++.dylib in Frameworks */,
				F678F6331B2F684A00A8EAA5 /* Realm.framework in Frameworks */,
			);
			runOnlyForDeploymentPostprocessing = 0;
		};
		F6B912B01B2F602A00245ED5 /* Frameworks */ = {
			isa = PBXFrameworksBuildPhase;
			buildActionMask = 2147483647;
			files = (
			);
			runOnlyForDeploymentPostprocessing = 0;
		};
/* End PBXFrameworksBuildPhase section */

/* Begin PBXGroup section */
		F678F62C1B2F63BE00A8EAA5 /* Views */ = {
			isa = PBXGroup;
			children = (
				F648E8661B30A165007ADB73 /* SiteReportCell.h */,
				F648E8671B30A165007ADB73 /* SiteReportCell.m */,
			);
			name = Views;
			sourceTree = "<group>";
		};
		F678F62D1B2F643300A8EAA5 /* Storyboards */ = {
			isa = PBXGroup;
			children = (
				F6B912A71B2F602A00245ED5 /* WelcomeData.storyboard */,
				F678F6301B2F678C00A8EAA5 /* Assessment.storyboard */,
				F678F62E1B2F671E00A8EAA5 /* Review.storyboard */,
				F6B912AC1B2F602A00245ED5 /* LaunchScreen.xib */,
			);
			name = Storyboards;
			sourceTree = "<group>";
		};
		F6B7227F1B2FBBA5002FF6DF /* README images */ = {
			isa = PBXGroup;
			children = (
				F6B722801B2FBC32002FF6DF /* Paperwork.jpg */,
				F6B722811B2FBC32002FF6DF /* Storyboard.jpg */,
			);
			name = "README images";
			sourceTree = "<group>";
		};
		F6B9128E1B2F602A00245ED5 = {
			isa = PBXGroup;
			children = (
				F6B912991B2F602A00245ED5 /* DangerTreeAssessment */,
				F6B912B61B2F602A00245ED5 /* DangerTreeAssessmentTests */,
				F6B912981B2F602A00245ED5 /* Products */,
			);
			sourceTree = "<group>";
		};
		F6B912981B2F602A00245ED5 /* Products */ = {
			isa = PBXGroup;
			children = (
				F6B912971B2F602A00245ED5 /* DangerTreeAssessment.app */,
				F6B912B31B2F602A00245ED5 /* DangerTreeAssessmentTests.xctest */,
			);
			name = Products;
			sourceTree = "<group>";
		};
		F6B912991B2F602A00245ED5 /* DangerTreeAssessment */ = {
			isa = PBXGroup;
			children = (
				F678F62D1B2F643300A8EAA5 /* Storyboards */,
				F678F62C1B2F63BE00A8EAA5 /* Views */,
				F6B912C41B2F626700245ED5 /* Model */,
				F6B912C31B2F625E00245ED5 /* Controllers */,
				F6B912C51B2F629E00245ED5 /* Resources */,
				F6B9129A1B2F602A00245ED5 /* Supporting Files */,
			);
			path = DangerTreeAssessment;
			sourceTree = "<group>";
		};
		F6B9129A1B2F602A00245ED5 /* Supporting Files */ = {
			isa = PBXGroup;
			children = (
				F678F6321B2F684A00A8EAA5 /* Realm.framework */,
				F6B9129B1B2F602A00245ED5 /* Info.plist */,
				F678F6341B2F689A00A8EAA5 /* libc++.dylib */,
				F6B9129C1B2F602A00245ED5 /* main.m */,
			);
			name = "Supporting Files";
			sourceTree = "<group>";
		};
		F6B912B61B2F602A00245ED5 /* DangerTreeAssessmentTests */ = {
			isa = PBXGroup;
			children = (
				F6B912B91B2F602A00245ED5 /* DangerTreeAssessmentTests.m */,
				F6B912B71B2F602A00245ED5 /* Supporting Files */,
			);
			path = DangerTreeAssessmentTests;
			sourceTree = "<group>";
		};
		F6B912B71B2F602A00245ED5 /* Supporting Files */ = {
			isa = PBXGroup;
			children = (
				F6B912B81B2F602A00245ED5 /* Info.plist */,
			);
			name = "Supporting Files";
			sourceTree = "<group>";
		};
		F6B912C31B2F625E00245ED5 /* Controllers */ = {
			isa = PBXGroup;
			children = (
				F648E8851B321665007ADB73 /* FuelTableViewController.h */,
				F648E8861B321665007ADB73 /* FuelTableViewController.m */,
				F648E8601B30A09F007ADB73 /* WelcomeViewController.h */,
				F648E8611B30A09F007ADB73 /* WelcomeViewController.m */,
				F648E8631B30A0BD007ADB73 /* DataTableViewController.h */,
				F648E8641B30A0BD007ADB73 /* DataTableViewController.m */,
				F648E84E1B30A053007ADB73 /* SiteInfoViewController.h */,
				F648E84F1B30A053007ADB73 /* SiteInfoViewController.m */,
				F648E8511B30A062007ADB73 /* TreeInfoViewController.h */,
				F648E8521B30A062007ADB73 /* TreeInfoViewController.m */,
				F648E87F1B3214C7007ADB73 /* TreeClassTableViewController.h */,
				F648E8801B3214C7007ADB73 /* TreeClassTableViewController.m */,
				F648E8541B30A072007ADB73 /* TreeLOD1ViewController.h */,
				F648E8551B30A072007ADB73 /* TreeLOD1ViewController.m */,
				F648E8721B30C5E2007ADB73 /* TreeLOD23ViewController.h */,
				F648E8731B30C5E2007ADB73 /* TreeLOD23ViewController.m */,
				F648E8751B30C5EF007ADB73 /* TreeLOD4ViewController.h */,
				F648E8761B30C5EF007ADB73 /* TreeLOD4ViewController.m */,
				F648E8571B30A07D007ADB73 /* TreeManagementViewController.h */,
				F648E8581B30A07D007ADB73 /* TreeManagementViewController.m */,
				F648E85A1B30A08B007ADB73 /* TreeReviewViewController.h */,
				F648E85B1B30A08B007ADB73 /* TreeReviewViewController.m */,
				F648E85D1B30A096007ADB73 /* SiteReviewViewController.h */,
				F648E85E1B30A096007ADB73 /* SiteReviewViewController.m */,
			);
			name = Controllers;
			sourceTree = "<group>";
		};
		F6B912C41B2F626700245ED5 /* Model */ = {
			isa = PBXGroup;
			children = (
				F6B9129E1B2F602A00245ED5 /* AppDelegate.h */,
				F6B9129F1B2F602A00245ED5 /* AppDelegate.m */,
				F648E86C1B30A258007ADB73 /* Tree.h */,
				F648E86D1B30A258007ADB73 /* Tree.m */,
				F648E86F1B30A40D007ADB73 /* Site.h */,
				F648E8701B30A40D007ADB73 /* Site.m */,
			);
			name = Model;
			sourceTree = "<group>";
		};
		F6B912C51B2F629E00245ED5 /* Resources */ = {
			isa = PBXGroup;
			children = (
				F6B7227F1B2FBBA5002FF6DF /* README images */,
				F6B912AA1B2F602A00245ED5 /* Images.xcassets */,
			);
			name = Resources;
			sourceTree = "<group>";
		};
/* End PBXGroup section */

/* Begin PBXNativeTarget section */
		F6B912961B2F602A00245ED5 /* DangerTreeAssessment */ = {
			isa = PBXNativeTarget;
			buildConfigurationList = F6B912BD1B2F602A00245ED5 /* Build configuration list for PBXNativeTarget "DangerTreeAssessment" */;
			buildPhases = (
				F6B912931B2F602A00245ED5 /* Sources */,
				F6B912941B2F602A00245ED5 /* Frameworks */,
				F6B912951B2F602A00245ED5 /* Resources */,
			);
			buildRules = (
			);
			dependencies = (
			);
			name = DangerTreeAssessment;
			productName = DangerTreeAssessment;
			productReference = F6B912971B2F602A00245ED5 /* DangerTreeAssessment.app */;
			productType = "com.apple.product-type.application";
		};
		F6B912B21B2F602A00245ED5 /* DangerTreeAssessmentTests */ = {
			isa = PBXNativeTarget;
			buildConfigurationList = F6B912C01B2F602A00245ED5 /* Build configuration list for PBXNativeTarget "DangerTreeAssessmentTests" */;
			buildPhases = (
				F6B912AF1B2F602A00245ED5 /* Sources */,
				F6B912B01B2F602A00245ED5 /* Frameworks */,
				F6B912B11B2F602A00245ED5 /* Resources */,
			);
			buildRules = (
			);
			dependencies = (
				F6B912B51B2F602A00245ED5 /* PBXTargetDependency */,
			);
			name = DangerTreeAssessmentTests;
			productName = DangerTreeAssessmentTests;
			productReference = F6B912B31B2F602A00245ED5 /* DangerTreeAssessmentTests.xctest */;
			productType = "com.apple.product-type.bundle.unit-test";
		};
/* End PBXNativeTarget section */

/* Begin PBXProject section */
		F6B9128F1B2F602A00245ED5 /* Project object */ = {
			isa = PBXProject;
			attributes = {
				LastUpgradeCheck = 0630;
				ORGANIZATIONNAME = "Abbey Jackson & Alain Kahwaji";
				TargetAttributes = {
					F6B912961B2F602A00245ED5 = {
						CreatedOnToolsVersion = 6.3.2;
					};
					F6B912B21B2F602A00245ED5 = {
						CreatedOnToolsVersion = 6.3.2;
						TestTargetID = F6B912961B2F602A00245ED5;
					};
				};
			};
			buildConfigurationList = F6B912921B2F602A00245ED5 /* Build configuration list for PBXProject "DangerTreeAssessment" */;
			compatibilityVersion = "Xcode 3.2";
			developmentRegion = English;
			hasScannedForEncodings = 0;
			knownRegions = (
				en,
				Base,
			);
			mainGroup = F6B9128E1B2F602A00245ED5;
			productRefGroup = F6B912981B2F602A00245ED5 /* Products */;
			projectDirPath = "";
			projectRoot = "";
			targets = (
				F6B912961B2F602A00245ED5 /* DangerTreeAssessment */,
				F6B912B21B2F602A00245ED5 /* DangerTreeAssessmentTests */,
			);
		};
/* End PBXProject section */

/* Begin PBXResourcesBuildPhase section */
		F6B912951B2F602A00245ED5 /* Resources */ = {
			isa = PBXResourcesBuildPhase;
			buildActionMask = 2147483647;
			files = (
				F6B912A91B2F602A00245ED5 /* WelcomeData.storyboard in Resources */,
				F6B912AE1B2F602A00245ED5 /* LaunchScreen.xib in Resources */,
				F678F62F1B2F671E00A8EAA5 /* Review.storyboard in Resources */,
				F6B912AB1B2F602A00245ED5 /* Images.xcassets in Resources */,
				F6B722831B2FBC32002FF6DF /* Storyboard.jpg in Resources */,
				F678F6311B2F678C00A8EAA5 /* Assessment.storyboard in Resources */,
				F6B722821B2FBC32002FF6DF /* Paperwork.jpg in Resources */,
			);
			runOnlyForDeploymentPostprocessing = 0;
		};
		F6B912B11B2F602A00245ED5 /* Resources */ = {
			isa = PBXResourcesBuildPhase;
			buildActionMask = 2147483647;
			files = (
			);
			runOnlyForDeploymentPostprocessing = 0;
		};
/* End PBXResourcesBuildPhase section */

/* Begin PBXSourcesBuildPhase section */
		F6B912931B2F602A00245ED5 /* Sources */ = {
			isa = PBXSourcesBuildPhase;
			buildActionMask = 2147483647;
			files = (
				F648E8811B3214C7007ADB73 /* TreeClassTableViewController.m in Sources */,
				F648E8711B30A40D007ADB73 /* Site.m in Sources */,
				F648E86E1B30A258007ADB73 /* Tree.m in Sources */,
				F648E8871B321665007ADB73 /* FuelTableViewController.m in Sources */,
				F648E8771B30C5EF007ADB73 /* TreeLOD4ViewController.m in Sources */,
				F648E8501B30A053007ADB73 /* SiteInfoViewController.m in Sources */,
				F648E8651B30A0BD007ADB73 /* DataTableViewController.m in Sources */,
				F6B912A01B2F602A00245ED5 /* AppDelegate.m in Sources */,
				F648E8621B30A09F007ADB73 /* WelcomeViewController.m in Sources */,
				F648E8531B30A062007ADB73 /* TreeInfoViewController.m in Sources */,
				F648E8741B30C5E2007ADB73 /* TreeLOD23ViewController.m in Sources */,
				F648E85F1B30A096007ADB73 /* SiteReviewViewController.m in Sources */,
				F648E8681B30A165007ADB73 /* SiteReportCell.m in Sources */,
				F648E8591B30A07D007ADB73 /* TreeManagementViewController.m in Sources */,
				F648E8561B30A072007ADB73 /* TreeLOD1ViewController.m in Sources */,
				F648E85C1B30A08B007ADB73 /* TreeReviewViewController.m in Sources */,
				F6B9129D1B2F602A00245ED5 /* main.m in Sources */,
			);
			runOnlyForDeploymentPostprocessing = 0;
		};
		F6B912AF1B2F602A00245ED5 /* Sources */ = {
			isa = PBXSourcesBuildPhase;
			buildActionMask = 2147483647;
			files = (
				F6B912BA1B2F602A00245ED5 /* DangerTreeAssessmentTests.m in Sources */,
			);
			runOnlyForDeploymentPostprocessing = 0;
		};
/* End PBXSourcesBuildPhase section */

/* Begin PBXTargetDependency section */
		F6B912B51B2F602A00245ED5 /* PBXTargetDependency */ = {
			isa = PBXTargetDependency;
			target = F6B912961B2F602A00245ED5 /* DangerTreeAssessment */;
			targetProxy = F6B912B41B2F602A00245ED5 /* PBXContainerItemProxy */;
		};
/* End PBXTargetDependency section */

/* Begin PBXVariantGroup section */
		F6B912A71B2F602A00245ED5 /* WelcomeData.storyboard */ = {
			isa = PBXVariantGroup;
			children = (
				F6B912A81B2F602A00245ED5 /* Base */,
			);
			name = WelcomeData.storyboard;
			sourceTree = "<group>";
		};
		F6B912AC1B2F602A00245ED5 /* LaunchScreen.xib */ = {
			isa = PBXVariantGroup;
			children = (
				F6B912AD1B2F602A00245ED5 /* Base */,
			);
			name = LaunchScreen.xib;
			sourceTree = "<group>";
		};
/* End PBXVariantGroup section */

/* Begin XCBuildConfiguration section */
		F6B912BB1B2F602A00245ED5 /* Debug */ = {
			isa = XCBuildConfiguration;
			buildSettings = {
				ALWAYS_SEARCH_USER_PATHS = NO;
				CLANG_CXX_LANGUAGE_STANDARD = "gnu++0x";
				CLANG_CXX_LIBRARY = "libc++";
				CLANG_ENABLE_MODULES = YES;
				CLANG_ENABLE_OBJC_ARC = YES;
				CLANG_WARN_BOOL_CONVERSION = YES;
				CLANG_WARN_CONSTANT_CONVERSION = YES;
				CLANG_WARN_DIRECT_OBJC_ISA_USAGE = YES_ERROR;
				CLANG_WARN_EMPTY_BODY = YES;
				CLANG_WARN_ENUM_CONVERSION = YES;
				CLANG_WARN_INT_CONVERSION = YES;
				CLANG_WARN_OBJC_ROOT_CLASS = YES_ERROR;
				CLANG_WARN_UNREACHABLE_CODE = YES;
				CLANG_WARN__DUPLICATE_METHOD_MATCH = YES;
				"CODE_SIGN_IDENTITY[sdk=iphoneos*]" = "iPhone Developer";
				COPY_PHASE_STRIP = NO;
				DEBUG_INFORMATION_FORMAT = "dwarf-with-dsym";
				ENABLE_STRICT_OBJC_MSGSEND = YES;
				GCC_C_LANGUAGE_STANDARD = gnu99;
				GCC_DYNAMIC_NO_PIC = NO;
				GCC_NO_COMMON_BLOCKS = YES;
				GCC_OPTIMIZATION_LEVEL = 0;
				GCC_PREPROCESSOR_DEFINITIONS = (
					"DEBUG=1",
					"$(inherited)",
				);
				GCC_SYMBOLS_PRIVATE_EXTERN = NO;
				GCC_WARN_64_TO_32_BIT_CONVERSION = YES;
				GCC_WARN_ABOUT_RETURN_TYPE = YES_ERROR;
				GCC_WARN_UNDECLARED_SELECTOR = YES;
				GCC_WARN_UNINITIALIZED_AUTOS = YES_AGGRESSIVE;
				GCC_WARN_UNUSED_FUNCTION = YES;
				GCC_WARN_UNUSED_VARIABLE = YES;
				IPHONEOS_DEPLOYMENT_TARGET = 8.1;
				MTL_ENABLE_DEBUG_INFO = YES;
				ONLY_ACTIVE_ARCH = YES;
				SDKROOT = iphoneos;
			};
			name = Debug;
		};
		F6B912BC1B2F602A00245ED5 /* Release */ = {
			isa = XCBuildConfiguration;
			buildSettings = {
				ALWAYS_SEARCH_USER_PATHS = NO;
				CLANG_CXX_LANGUAGE_STANDARD = "gnu++0x";
				CLANG_CXX_LIBRARY = "libc++";
				CLANG_ENABLE_MODULES = YES;
				CLANG_ENABLE_OBJC_ARC = YES;
				CLANG_WARN_BOOL_CONVERSION = YES;
				CLANG_WARN_CONSTANT_CONVERSION = YES;
				CLANG_WARN_DIRECT_OBJC_ISA_USAGE = YES_ERROR;
				CLANG_WARN_EMPTY_BODY = YES;
				CLANG_WARN_ENUM_CONVERSION = YES;
				CLANG_WARN_INT_CONVERSION = YES;
				CLANG_WARN_OBJC_ROOT_CLASS = YES_ERROR;
				CLANG_WARN_UNREACHABLE_CODE = YES;
				CLANG_WARN__DUPLICATE_METHOD_MATCH = YES;
				"CODE_SIGN_IDENTITY[sdk=iphoneos*]" = "iPhone Developer";
				COPY_PHASE_STRIP = NO;
				DEBUG_INFORMATION_FORMAT = "dwarf-with-dsym";
				ENABLE_NS_ASSERTIONS = NO;
				ENABLE_STRICT_OBJC_MSGSEND = YES;
				GCC_C_LANGUAGE_STANDARD = gnu99;
				GCC_NO_COMMON_BLOCKS = YES;
				GCC_WARN_64_TO_32_BIT_CONVERSION = YES;
				GCC_WARN_ABOUT_RETURN_TYPE = YES_ERROR;
				GCC_WARN_UNDECLARED_SELECTOR = YES;
				GCC_WARN_UNINITIALIZED_AUTOS = YES_AGGRESSIVE;
				GCC_WARN_UNUSED_FUNCTION = YES;
				GCC_WARN_UNUSED_VARIABLE = YES;
				IPHONEOS_DEPLOYMENT_TARGET = 8.1;
				MTL_ENABLE_DEBUG_INFO = NO;
				SDKROOT = iphoneos;
				VALIDATE_PRODUCT = YES;
			};
			name = Release;
		};
		F6B912BE1B2F602A00245ED5 /* Debug */ = {
			isa = XCBuildConfiguration;
			buildSettings = {
				ASSETCATALOG_COMPILER_APPICON_NAME = AppIcon;
				FRAMEWORK_SEARCH_PATHS = (
					"$(inherited)",
					"$(PROJECT_DIR)/DangerTreeAssessment",
				);
				INFOPLIST_FILE = DangerTreeAssessment/Info.plist;
				LD_RUNPATH_SEARCH_PATHS = "$(inherited) @executable_path/Frameworks";
				PRODUCT_NAME = "$(TARGET_NAME)";
			};
			name = Debug;
		};
		F6B912BF1B2F602A00245ED5 /* Release */ = {
			isa = XCBuildConfiguration;
			buildSettings = {
				ASSETCATALOG_COMPILER_APPICON_NAME = AppIcon;
				FRAMEWORK_SEARCH_PATHS = (
					"$(inherited)",
					"$(PROJECT_DIR)/DangerTreeAssessment",
				);
				INFOPLIST_FILE = DangerTreeAssessment/Info.plist;
				LD_RUNPATH_SEARCH_PATHS = "$(inherited) @executable_path/Frameworks";
				PRODUCT_NAME = "$(TARGET_NAME)";
			};
			name = Release;
		};
		F6B912C11B2F602A00245ED5 /* Debug */ = {
			isa = XCBuildConfiguration;
			buildSettings = {
				BUNDLE_LOADER = "$(TEST_HOST)";
				FRAMEWORK_SEARCH_PATHS = (
					"$(SDKROOT)/Developer/Library/Frameworks",
					"$(inherited)",
				);
				GCC_PREPROCESSOR_DEFINITIONS = (
					"DEBUG=1",
					"$(inherited)",
				);
				INFOPLIST_FILE = DangerTreeAssessmentTests/Info.plist;
				LD_RUNPATH_SEARCH_PATHS = "$(inherited) @executable_path/Frameworks @loader_path/Frameworks";
				PRODUCT_NAME = "$(TARGET_NAME)";
				TEST_HOST = "$(BUILT_PRODUCTS_DIR)/DangerTreeAssessment.app/DangerTreeAssessment";
			};
			name = Debug;
		};
		F6B912C21B2F602A00245ED5 /* Release */ = {
			isa = XCBuildConfiguration;
			buildSettings = {
				BUNDLE_LOADER = "$(TEST_HOST)";
				FRAMEWORK_SEARCH_PATHS = (
					"$(SDKROOT)/Developer/Library/Frameworks",
					"$(inherited)",
				);
				INFOPLIST_FILE = DangerTreeAssessmentTests/Info.plist;
				LD_RUNPATH_SEARCH_PATHS = "$(inherited) @executable_path/Frameworks @loader_path/Frameworks";
				PRODUCT_NAME = "$(TARGET_NAME)";
				TEST_HOST = "$(BUILT_PRODUCTS_DIR)/DangerTreeAssessment.app/DangerTreeAssessment";
			};
			name = Release;
		};
/* End XCBuildConfiguration section */

/* Begin XCConfigurationList section */
		F6B912921B2F602A00245ED5 /* Build configuration list for PBXProject "DangerTreeAssessment" */ = {
			isa = XCConfigurationList;
			buildConfigurations = (
				F6B912BB1B2F602A00245ED5 /* Debug */,
				F6B912BC1B2F602A00245ED5 /* Release */,
			);
			defaultConfigurationIsVisible = 0;
			defaultConfigurationName = Release;
		};
		F6B912BD1B2F602A00245ED5 /* Build configuration list for PBXNativeTarget "DangerTreeAssessment" */ = {
			isa = XCConfigurationList;
			buildConfigurations = (
				F6B912BE1B2F602A00245ED5 /* Debug */,
				F6B912BF1B2F602A00245ED5 /* Release */,
			);
			defaultConfigurationIsVisible = 0;
			defaultConfigurationName = Release;
		};
		F6B912C01B2F602A00245ED5 /* Build configuration list for PBXNativeTarget "DangerTreeAssessmentTests" */ = {
			isa = XCConfigurationList;
			buildConfigurations = (
				F6B912C11B2F602A00245ED5 /* Debug */,
				F6B912C21B2F602A00245ED5 /* Release */,
			);
			defaultConfigurationIsVisible = 0;
			defaultConfigurationName = Release;
		};
/* End XCConfigurationList section */
	};
	rootObject = F6B9128F1B2F602A00245ED5 /* Project object */;
}
